
Microsoft Visual Studio Solution File, Format Version 12.00
# Visual Studio Version 16
VisualStudioVersion = 16.0.30804.86
MinimumVisualStudioVersion = 10.0.40219.1
Project("{2150E333-8FDC-42A3-9474-1A3956D46DE8}") = "1 - Application", "1 - Application", "{EBC9C7B7-96B8-4854-A509-8C3D9F2DCB1E}"
EndProject
Project("{2150E333-8FDC-42A3-9474-1A3956D46DE8}") = "2 - Domain", "2 - Domain", "{A88191D5-2DCD-498D-B53E-BC075E329FC8}"
EndProject
Project("{2150E333-8FDC-42A3-9474-1A3956D46DE8}") = "3 - Infra", "3 - Infra", "{F1EE7C9D-3D88-462A-B979-1079D23E9C54}"
EndProject
Project("{2150E333-8FDC-42A3-9474-1A3956D46DE8}") = "4.1 Data", "4.1 Data", "{A0419776-6337-4FC4-AAC7-956F08E22CC7}"
EndProject
Project("{2150E333-8FDC-42A3-9474-1A3956D46DE8}") = "4.2 CrossCutting", "4.2 CrossCutting", "{B3984356-9C6D-4CB1-BA15-CD4E5EA995C1}"
EndProject
Project("{9A19103F-16F7-4668-BE54-9A1E7A4F7556}") = "RestaurantOrderApp.API", "RestaurantOrderApp.API\RestaurantOrderApp.API.csproj", "{CCBF686A-31E6-4353-91EE-DF6A6849E6F0}"
EndProject
Project("{9A19103F-16F7-4668-BE54-9A1E7A4F7556}") = "RestaurantOrderApp.Domain", "RestaurantOrderApp.Domain\RestaurantOrderApp.Domain.csproj", "{1B731D35-D4F1-4CB0-9DE6-D00D4CD25ABA}"
EndProject
Project("{FAE04EC0-301F-11D3-BF4B-00C04F79EFBC}") = "RestaurantOrderApp.Domain.Tests", "RestaurantOrderApp.Domain.Tests\RestaurantOrderApp.Domain.Tests.csproj", "{ED134FBA-4FEB-4341-8A65-FCCAF299C3D2}"
EndProject
Project("{FAE04EC0-301F-11D3-BF4B-00C04F79EFBC}") = "RestaurantOrderApp.Infra.CrossCutting", "RestaurantOrderApp.Infra.CrossCutting\RestaurantOrderApp.Infra.CrossCutting.csproj", "{8DF60508-76F3-437E-82A8-41BE840E387E}"
EndProject
Global
	GlobalSection(SolutionConfigurationPlatforms) = preSolution
		Debug|Any CPU = Debug|Any CPU
		Release|Any CPU = Release|Any CPU
	EndGlobalSection
	GlobalSection(ProjectConfigurationPlatforms) = postSolution
		{CCBF686A-31E6-4353-91EE-DF6A6849E6F0}.Debug|Any CPU.ActiveCfg = Debug|Any CPU
		{CCBF686A-31E6-4353-91EE-DF6A6849E6F0}.Debug|Any CPU.Build.0 = Debug|Any CPU
		{CCBF686A-31E6-4353-91EE-DF6A6849E6F0}.Release|Any CPU.ActiveCfg = Release|Any CPU
		{CCBF686A-31E6-4353-91EE-DF6A6849E6F0}.Release|Any CPU.Build.0 = Release|Any CPU
		{1B731D35-D4F1-4CB0-9DE6-D00D4CD25ABA}.Debug|Any CPU.ActiveCfg = Debug|Any CPU
		{1B731D35-D4F1-4CB0-9DE6-D00D4CD25ABA}.Debug|Any CPU.Build.0 = Debug|Any CPU
		{1B731D35-D4F1-4CB0-9DE6-D00D4CD25ABA}.Release|Any CPU.ActiveCfg = Release|Any CPU
		{1B731D35-D4F1-4CB0-9DE6-D00D4CD25ABA}.Release|Any CPU.Build.0 = Release|Any CPU
		{ED134FBA-4FEB-4341-8A65-FCCAF299C3D2}.Debug|Any CPU.ActiveCfg = Debug|Any CPU
		{ED134FBA-4FEB-4341-8A65-FCCAF299C3D2}.Debug|Any CPU.Build.0 = Debug|Any CPU
		{ED134FBA-4FEB-4341-8A65-FCCAF299C3D2}.Release|Any CPU.ActiveCfg = Release|Any CPU
		{ED134FBA-4FEB-4341-8A65-FCCAF299C3D2}.Release|Any CPU.Build.0 = Release|Any CPU
		{8DF60508-76F3-437E-82A8-41BE840E387E}.Debug|Any CPU.ActiveCfg = Debug|Any CPU
		{8DF60508-76F3-437E-82A8-41BE840E387E}.Debug|Any CPU.Build.0 = Debug|Any CPU
		{8DF60508-76F3-437E-82A8-41BE840E387E}.Release|Any CPU.ActiveCfg = Release|Any CPU
		{8DF60508-76F3-437E-82A8-41BE840E387E}.Release|Any CPU.Build.0 = Release|Any CPU
	EndGlobalSection
	GlobalSection(SolutionProperties) = preSolution
		HideSolutionNode = FALSE
	EndGlobalSection
	GlobalSection(NestedProjects) = preSolution
		{A0419776-6337-4FC4-AAC7-956F08E22CC7} = {F1EE7C9D-3D88-462A-B979-1079D23E9C54}
		{B3984356-9C6D-4CB1-BA15-CD4E5EA995C1} = {F1EE7C9D-3D88-462A-B979-1079D23E9C54}
		{CCBF686A-31E6-4353-91EE-DF6A6849E6F0} = {EBC9C7B7-96B8-4854-A509-8C3D9F2DCB1E}
		{1B731D35-D4F1-4CB0-9DE6-D00D4CD25ABA} = {A88191D5-2DCD-498D-B53E-BC075E329FC8}
		{ED134FBA-4FEB-4341-8A65-FCCAF299C3D2} = {A88191D5-2DCD-498D-B53E-BC075E329FC8}
		{8DF60508-76F3-437E-82A8-41BE840E387E} = {B3984356-9C6D-4CB1-BA15-CD4E5EA995C1}
	EndGlobalSection
	GlobalSection(ExtensibilityGlobals) = postSolution
		SolutionGuid = {7136EC60-0450-49A6-876F-C8F8D59A08BC}
	EndGlobalSection
EndGlobal
